
Microsoft Visual Studio Solution File, Format Version 12.00
# Visual Studio Version 17
VisualStudioVersion = 17.10.35027.167
MinimumVisualStudioVersion = 10.0.40219.1
Project("{778DAE3C-4631-46EA-AA77-85C1314464D9}") = "GradeManagementSystem", "GradeManagementSystem.vbproj", "{834817AE-DDFD-41E2-B06A-CE790E3A6106}"
EndProject
Project("{2150E333-8FDC-42A3-9474-1A3956D46DE8}") = "Solution Items", "Solution Items", "{F6DCFE73-9114-4E9C-AD4B-D2BB671CC7C4}"
	ProjectSection(SolutionItems) = preProject
		AdminFolder\Resources\dashboard\1.png = AdminFolder\Resources\dashboard\1.png
		AdminFolder\Resources\dashboard\10.png = AdminFolder\Resources\dashboard\10.png
		AdminFolder\Resources\dashboard\11.png = AdminFolder\Resources\dashboard\11.png
		AdminFolder\Resources\dashboard\12.png = AdminFolder\Resources\dashboard\12.png
		AdminFolder\Resources\dashboard\2.png = AdminFolder\Resources\dashboard\2.png
		AdminFolder\Resources\dashboard\3.png = AdminFolder\Resources\dashboard\3.png
		AdminFolder\Resources\dashboard\4.png = AdminFolder\Resources\dashboard\4.png
		AdminFolder\Resources\dashboard\5.png = AdminFolder\Resources\dashboard\5.png
		AdminFolder\Resources\dashboard\6.png = AdminFolder\Resources\dashboard\6.png
		AdminFolder\Resources\dashboard\7.png = AdminFolder\Resources\dashboard\7.png
		AdminFolder\Resources\dashboard\8.png = AdminFolder\Resources\dashboard\8.png
		AdminFolder\Resources\dashboard\9.png = AdminFolder\Resources\dashboard\9.png
		AdminFolder\Resources\panel\allocation1.png = AdminFolder\Resources\panel\allocation1.png
		AdminFolder\Resources\panel\allocation2.png = AdminFolder\Resources\panel\allocation2.png
		AdminFolder\Resources\panel\home1.png = AdminFolder\Resources\panel\home1.png
		AdminFolder\Resources\panel\home2.png = AdminFolder\Resources\panel\home2.png
		AdminFolder\Resources\panel\prof1.png = AdminFolder\Resources\panel\prof1.png
		AdminFolder\Resources\panel\prof2.png = AdminFolder\Resources\panel\prof2.png
		AdminFolder\Resources\panel\PROFILE1.png = AdminFolder\Resources\panel\PROFILE1.png
		AdminFolder\Resources\panel\PROFILE2.png = AdminFolder\Resources\panel\PROFILE2.png
		AdminFolder\Resources\panel\prog1.png = AdminFolder\Resources\panel\prog1.png
		AdminFolder\Resources\panel\prog2.png = AdminFolder\Resources\panel\prog2.png
		AdminFolder\Resources\panel\stud1.png = AdminFolder\Resources\panel\stud1.png
		AdminFolder\Resources\panel\stud2.png = AdminFolder\Resources\panel\stud2.png
		..\..\..\..\..\Downloads\Transitions.dll = ..\..\..\..\..\Downloads\Transitions.dll
	EndProjectSection
EndProject
Global
	GlobalSection(SolutionConfigurationPlatforms) = preSolution
		Debug|Any CPU = Debug|Any CPU
		Release|Any CPU = Release|Any CPU
	EndGlobalSection
	GlobalSection(ProjectConfigurationPlatforms) = postSolution
		{834817AE-DDFD-41E2-B06A-CE790E3A6106}.Debug|Any CPU.ActiveCfg = Debug|Any CPU
		{834817AE-DDFD-41E2-B06A-CE790E3A6106}.Debug|Any CPU.Build.0 = Debug|Any CPU
		{834817AE-DDFD-41E2-B06A-CE790E3A6106}.Release|Any CPU.ActiveCfg = Release|Any CPU
		{834817AE-DDFD-41E2-B06A-CE790E3A6106}.Release|Any CPU.Build.0 = Release|Any CPU
	EndGlobalSection
	GlobalSection(SolutionProperties) = preSolution
		HideSolutionNode = FALSE
	EndGlobalSection
	GlobalSection(ExtensibilityGlobals) = postSolution
		SolutionGuid = {6A4E30A0-1563-4ED9-8DCE-B2B3F6B1ABCF}
	EndGlobalSection
EndGlobal
